
Microsoft Visual Studio Solution File, Format Version 12.00
# Visual Studio Version 16
VisualStudioVersion = 16.0.31112.23
MinimumVisualStudioVersion = 10.0.40219.1
Project("{9A19103F-16F7-4668-BE54-9A1E7A4F7556}") = "Kopilih", "Kopilih\Kopilih.csproj", "{9C4B7621-B3DF-4C40-A465-ECE85D3258FB}"
EndProject
Project("{FAE04EC0-301F-11D3-BF4B-00C04F79EFBC}") = "KopiLibrary", "KopiLibrary\KopiLibrary.csproj", "{2B6E0F17-72D3-4F36-A041-CAF6CCEB4FD2}"
EndProject
Global
	GlobalSection(SolutionConfigurationPlatforms) = preSolution
		Debug|Any CPU = Debug|Any CPU
		Release|Any CPU = Release|Any CPU
	EndGlobalSection
	GlobalSection(ProjectConfigurationPlatforms) = postSolution
		{9C4B7621-B3DF-4C40-A465-ECE85D3258FB}.Debug|Any CPU.ActiveCfg = Debug|Any CPU
		{9C4B7621-B3DF-4C40-A465-ECE85D3258FB}.Debug|Any CPU.Build.0 = Debug|Any CPU
		{9C4B7621-B3DF-4C40-A465-ECE85D3258FB}.Release|Any CPU.ActiveCfg = Release|Any CPU
		{9C4B7621-B3DF-4C40-A465-ECE85D3258FB}.Release|Any CPU.Build.0 = Release|Any CPU
		{2B6E0F17-72D3-4F36-A041-CAF6CCEB4FD2}.Debug|Any CPU.ActiveCfg = Debug|Any CPU
		{2B6E0F17-72D3-4F36-A041-CAF6CCEB4FD2}.Debug|Any CPU.Build.0 = Debug|Any CPU
		{2B6E0F17-72D3-4F36-A041-CAF6CCEB4FD2}.Release|Any CPU.ActiveCfg = Release|Any CPU
		{2B6E0F17-72D3-4F36-A041-CAF6CCEB4FD2}.Release|Any CPU.Build.0 = Release|Any CPU
	EndGlobalSection
	GlobalSection(SolutionProperties) = preSolution
		HideSolutionNode = FALSE
	EndGlobalSection
	GlobalSection(ExtensibilityGlobals) = postSolution
		SolutionGuid = {3BA663AD-920D-4A0D-9FCF-C31CBC242739}
	EndGlobalSection
EndGlobal
